
Microsoft Visual Studio Solution File, Format Version 12.00
# Visual Studio Version 16
VisualStudioVersion = 16.0.32002.261
MinimumVisualStudioVersion = 10.0.40219.1
Project("{9A19103F-16F7-4668-BE54-9A1E7A4F7556}") = "Singleton", "Singleton\Singleton.csproj", "{C97ABCAC-F905-4096-B184-34220B7182B6}"
EndProject
Project("{9A19103F-16F7-4668-BE54-9A1E7A4F7556}") = "FactoryMethod", "FactoryMethod\FactoryMethod.csproj", "{C60A7398-16B2-40CD-9F3E-BA46038C1E2D}"
EndProject
Project("{9A19103F-16F7-4668-BE54-9A1E7A4F7556}") = "AbstractFactory", "AbstractFactory\AbstractFactory.csproj", "{59915593-2C40-439F-A6CF-BAD93D923FCF}"
EndProject
Project("{FAE04EC0-301F-11D3-BF4B-00C04F79EFBC}") = "Prototype", "Prototype\Prototype.csproj", "{E1FAE469-92BE-40C6-9FB3-EED3AED8EFA9}"
EndProject
Project("{FAE04EC0-301F-11D3-BF4B-00C04F79EFBC}") = "Builder", "Builder\Builder.csproj", "{C72697B9-D4D5-40AF-8D04-0650A65C7313}"
EndProject
Project("{FAE04EC0-301F-11D3-BF4B-00C04F79EFBC}") = "Facade", "Facade\Facade.csproj", "{F9E1543A-CC47-4A87-A2A2-567D4A4AFEC3}"
EndProject
Global
	GlobalSection(SolutionConfigurationPlatforms) = preSolution
		Debug|Any CPU = Debug|Any CPU
		Release|Any CPU = Release|Any CPU
	EndGlobalSection
	GlobalSection(ProjectConfigurationPlatforms) = postSolution
		{C97ABCAC-F905-4096-B184-34220B7182B6}.Debug|Any CPU.ActiveCfg = Debug|Any CPU
		{C97ABCAC-F905-4096-B184-34220B7182B6}.Debug|Any CPU.Build.0 = Debug|Any CPU
		{C97ABCAC-F905-4096-B184-34220B7182B6}.Release|Any CPU.ActiveCfg = Release|Any CPU
		{C97ABCAC-F905-4096-B184-34220B7182B6}.Release|Any CPU.Build.0 = Release|Any CPU
		{C60A7398-16B2-40CD-9F3E-BA46038C1E2D}.Debug|Any CPU.ActiveCfg = Debug|Any CPU
		{C60A7398-16B2-40CD-9F3E-BA46038C1E2D}.Debug|Any CPU.Build.0 = Debug|Any CPU
		{C60A7398-16B2-40CD-9F3E-BA46038C1E2D}.Release|Any CPU.ActiveCfg = Release|Any CPU
		{C60A7398-16B2-40CD-9F3E-BA46038C1E2D}.Release|Any CPU.Build.0 = Release|Any CPU
		{59915593-2C40-439F-A6CF-BAD93D923FCF}.Debug|Any CPU.ActiveCfg = Debug|Any CPU
		{59915593-2C40-439F-A6CF-BAD93D923FCF}.Debug|Any CPU.Build.0 = Debug|Any CPU
		{59915593-2C40-439F-A6CF-BAD93D923FCF}.Release|Any CPU.ActiveCfg = Release|Any CPU
		{59915593-2C40-439F-A6CF-BAD93D923FCF}.Release|Any CPU.Build.0 = Release|Any CPU
		{E1FAE469-92BE-40C6-9FB3-EED3AED8EFA9}.Debug|Any CPU.ActiveCfg = Debug|Any CPU
		{E1FAE469-92BE-40C6-9FB3-EED3AED8EFA9}.Debug|Any CPU.Build.0 = Debug|Any CPU
		{E1FAE469-92BE-40C6-9FB3-EED3AED8EFA9}.Release|Any CPU.ActiveCfg = Release|Any CPU
		{E1FAE469-92BE-40C6-9FB3-EED3AED8EFA9}.Release|Any CPU.Build.0 = Release|Any CPU
		{C72697B9-D4D5-40AF-8D04-0650A65C7313}.Debug|Any CPU.ActiveCfg = Debug|Any CPU
		{C72697B9-D4D5-40AF-8D04-0650A65C7313}.Debug|Any CPU.Build.0 = Debug|Any CPU
		{C72697B9-D4D5-40AF-8D04-0650A65C7313}.Release|Any CPU.ActiveCfg = Release|Any CPU
		{C72697B9-D4D5-40AF-8D04-0650A65C7313}.Release|Any CPU.Build.0 = Release|Any CPU
		{F9E1543A-CC47-4A87-A2A2-567D4A4AFEC3}.Debug|Any CPU.ActiveCfg = Debug|Any CPU
		{F9E1543A-CC47-4A87-A2A2-567D4A4AFEC3}.Debug|Any CPU.Build.0 = Debug|Any CPU
		{F9E1543A-CC47-4A87-A2A2-567D4A4AFEC3}.Release|Any CPU.ActiveCfg = Release|Any CPU
		{F9E1543A-CC47-4A87-A2A2-567D4A4AFEC3}.Release|Any CPU.Build.0 = Release|Any CPU
	EndGlobalSection
	GlobalSection(SolutionProperties) = preSolution
		HideSolutionNode = FALSE
	EndGlobalSection
	GlobalSection(ExtensibilityGlobals) = postSolution
		SolutionGuid = {004AEEBD-AA9A-4D63-9AAB-CD9FD644C017}
	EndGlobalSection
EndGlobal
